
Microsoft Visual Studio Solution File, Format Version 12.00
# Visual Studio 15
VisualStudioVersion = 15.0.28010.2016
MinimumVisualStudioVersion = 10.0.40219.1
Project("{FAE04EC0-301F-11D3-BF4B-00C04F79EFBC}") = "ChessGame", "ChessGame\ChessGame.csproj", "{1A62EADA-4CA3-463A-B29A-D58DE60B18EC}"
EndProject
Global
	GlobalSection(SolutionConfigurationPlatforms) = preSolution
		Debug|Any CPU = Debug|Any CPU
		Release|Any CPU = Release|Any CPU
	EndGlobalSection
	GlobalSection(ProjectConfigurationPlatforms) = postSolution
		{1A62EADA-4CA3-463A-B29A-D58DE60B18EC}.Debug|Any CPU.ActiveCfg = Debug|Any CPU
		{1A62EADA-4CA3-463A-B29A-D58DE60B18EC}.Debug|Any CPU.Build.0 = Debug|Any CPU
		{1A62EADA-4CA3-463A-B29A-D58DE60B18EC}.Release|Any CPU.ActiveCfg = Release|Any CPU
		{1A62EADA-4CA3-463A-B29A-D58DE60B18EC}.Release|Any CPU.Build.0 = Release|Any CPU
	EndGlobalSection
	GlobalSection(SolutionProperties) = preSolution
		HideSolutionNode = FALSE
	EndGlobalSection
	GlobalSection(ExtensibilityGlobals) = postSolution
		SolutionGuid = {2805D3A8-36A9-4585-92F2-4DCCD72BC3C0}
	EndGlobalSection
EndGlobal
