
Microsoft Visual Studio Solution File, Format Version 12.00
# Visual Studio 15
VisualStudioVersion = 15.0.28010.2016
MinimumVisualStudioVersion = 10.0.40219.1
Project("{FAE04EC0-301F-11D3-BF4B-00C04F79EFBC}") = "Opdracht 1", "Opdrachten week 4\Opdracht 1.csproj", "{BEE9FF9F-E919-4A59-915F-F6B48CADC625}"
EndProject
Global
	GlobalSection(SolutionConfigurationPlatforms) = preSolution
		Debug|Any CPU = Debug|Any CPU
		Release|Any CPU = Release|Any CPU
	EndGlobalSection
	GlobalSection(ProjectConfigurationPlatforms) = postSolution
		{BEE9FF9F-E919-4A59-915F-F6B48CADC625}.Debug|Any CPU.ActiveCfg = Debug|Any CPU
		{BEE9FF9F-E919-4A59-915F-F6B48CADC625}.Debug|Any CPU.Build.0 = Debug|Any CPU
		{BEE9FF9F-E919-4A59-915F-F6B48CADC625}.Release|Any CPU.ActiveCfg = Release|Any CPU
		{BEE9FF9F-E919-4A59-915F-F6B48CADC625}.Release|Any CPU.Build.0 = Release|Any CPU
	EndGlobalSection
	GlobalSection(SolutionProperties) = preSolution
		HideSolutionNode = FALSE
	EndGlobalSection
	GlobalSection(ExtensibilityGlobals) = postSolution
		SolutionGuid = {E5D2EBC7-DC54-487A-AAE3-9186F7A4725D}
	EndGlobalSection
EndGlobal
