
Microsoft Visual Studio Solution File, Format Version 12.00
# Visual Studio 15
VisualStudioVersion = 15.0.28010.2016
MinimumVisualStudioVersion = 10.0.40219.1
Project("{FAE04EC0-301F-11D3-BF4B-00C04F79EFBC}") = "MyTools", "MyTools\MyTools.csproj", "{2A45BB63-84CD-458C-9E5A-548ADF0809EB}"
EndProject
Project("{FAE04EC0-301F-11D3-BF4B-00C04F79EFBC}") = "MyToolsApplication", "MyToolsApplication\MyToolsApplication.csproj", "{C54CEEB4-4E81-4E7C-B39F-139EA5778581}"
EndProject
Project("{FAE04EC0-301F-11D3-BF4B-00C04F79EFBC}") = "CandyCrush", "CandyCrush\CandyCrush.csproj", "{C549C79F-AE87-4514-AE2C-C994DEDE7C43}"
EndProject
Project("{FAE04EC0-301F-11D3-BF4B-00C04F79EFBC}") = "CandyCrushLogica", "CandyCrushLogica\CandyCrushLogica.csproj", "{C4D3F6E6-C2B1-4490-B258-00D9D77073A0}"
EndProject
Project("{FAE04EC0-301F-11D3-BF4B-00C04F79EFBC}") = "Vertaling", "Vertaling\Vertaling.csproj", "{810C0AFE-D313-4337-BB03-2A422B3B782B}"
EndProject
Project("{FAE04EC0-301F-11D3-BF4B-00C04F79EFBC}") = "Lingo", "Lingo\Lingo.csproj", "{04ACAE0D-0A3C-497F-951A-779E8C041D2D}"
EndProject
Global
	GlobalSection(SolutionConfigurationPlatforms) = preSolution
		Debug|Any CPU = Debug|Any CPU
		Release|Any CPU = Release|Any CPU
	EndGlobalSection
	GlobalSection(ProjectConfigurationPlatforms) = postSolution
		{2A45BB63-84CD-458C-9E5A-548ADF0809EB}.Debug|Any CPU.ActiveCfg = Debug|Any CPU
		{2A45BB63-84CD-458C-9E5A-548ADF0809EB}.Debug|Any CPU.Build.0 = Debug|Any CPU
		{2A45BB63-84CD-458C-9E5A-548ADF0809EB}.Release|Any CPU.ActiveCfg = Release|Any CPU
		{2A45BB63-84CD-458C-9E5A-548ADF0809EB}.Release|Any CPU.Build.0 = Release|Any CPU
		{C54CEEB4-4E81-4E7C-B39F-139EA5778581}.Debug|Any CPU.ActiveCfg = Debug|Any CPU
		{C54CEEB4-4E81-4E7C-B39F-139EA5778581}.Debug|Any CPU.Build.0 = Debug|Any CPU
		{C54CEEB4-4E81-4E7C-B39F-139EA5778581}.Release|Any CPU.ActiveCfg = Release|Any CPU
		{C54CEEB4-4E81-4E7C-B39F-139EA5778581}.Release|Any CPU.Build.0 = Release|Any CPU
		{C549C79F-AE87-4514-AE2C-C994DEDE7C43}.Debug|Any CPU.ActiveCfg = Debug|Any CPU
		{C549C79F-AE87-4514-AE2C-C994DEDE7C43}.Debug|Any CPU.Build.0 = Debug|Any CPU
		{C549C79F-AE87-4514-AE2C-C994DEDE7C43}.Release|Any CPU.ActiveCfg = Release|Any CPU
		{C549C79F-AE87-4514-AE2C-C994DEDE7C43}.Release|Any CPU.Build.0 = Release|Any CPU
		{C4D3F6E6-C2B1-4490-B258-00D9D77073A0}.Debug|Any CPU.ActiveCfg = Debug|Any CPU
		{C4D3F6E6-C2B1-4490-B258-00D9D77073A0}.Debug|Any CPU.Build.0 = Debug|Any CPU
		{C4D3F6E6-C2B1-4490-B258-00D9D77073A0}.Release|Any CPU.ActiveCfg = Release|Any CPU
		{C4D3F6E6-C2B1-4490-B258-00D9D77073A0}.Release|Any CPU.Build.0 = Release|Any CPU
		{810C0AFE-D313-4337-BB03-2A422B3B782B}.Debug|Any CPU.ActiveCfg = Debug|Any CPU
		{810C0AFE-D313-4337-BB03-2A422B3B782B}.Debug|Any CPU.Build.0 = Debug|Any CPU
		{810C0AFE-D313-4337-BB03-2A422B3B782B}.Release|Any CPU.ActiveCfg = Release|Any CPU
		{810C0AFE-D313-4337-BB03-2A422B3B782B}.Release|Any CPU.Build.0 = Release|Any CPU
		{04ACAE0D-0A3C-497F-951A-779E8C041D2D}.Debug|Any CPU.ActiveCfg = Debug|Any CPU
		{04ACAE0D-0A3C-497F-951A-779E8C041D2D}.Debug|Any CPU.Build.0 = Debug|Any CPU
		{04ACAE0D-0A3C-497F-951A-779E8C041D2D}.Release|Any CPU.ActiveCfg = Release|Any CPU
		{04ACAE0D-0A3C-497F-951A-779E8C041D2D}.Release|Any CPU.Build.0 = Release|Any CPU
	EndGlobalSection
	GlobalSection(SolutionProperties) = preSolution
		HideSolutionNode = FALSE
	EndGlobalSection
	GlobalSection(ExtensibilityGlobals) = postSolution
		SolutionGuid = {87CC4269-7E37-410C-9CC4-F6F55BB71ACD}
	EndGlobalSection
EndGlobal
