
Microsoft Visual Studio Solution File, Format Version 12.00
# Visual Studio 15
VisualStudioVersion = 15.0.28010.2016
MinimumVisualStudioVersion = 10.0.40219.1
Project("{FAE04EC0-301F-11D3-BF4B-00C04F79EFBC}") = "WindowsFormsApp1", "WindowsFormsApp1\WindowsFormsApp1.csproj", "{E7F6B504-71E9-469D-B8CA-5465A67D36FB}"
EndProject
Global
	GlobalSection(SolutionConfigurationPlatforms) = preSolution
		Debug|Any CPU = Debug|Any CPU
		Release|Any CPU = Release|Any CPU
	EndGlobalSection
	GlobalSection(ProjectConfigurationPlatforms) = postSolution
		{E7F6B504-71E9-469D-B8CA-5465A67D36FB}.Debug|Any CPU.ActiveCfg = Debug|Any CPU
		{E7F6B504-71E9-469D-B8CA-5465A67D36FB}.Debug|Any CPU.Build.0 = Debug|Any CPU
		{E7F6B504-71E9-469D-B8CA-5465A67D36FB}.Release|Any CPU.ActiveCfg = Release|Any CPU
		{E7F6B504-71E9-469D-B8CA-5465A67D36FB}.Release|Any CPU.Build.0 = Release|Any CPU
	EndGlobalSection
	GlobalSection(SolutionProperties) = preSolution
		HideSolutionNode = FALSE
	EndGlobalSection
	GlobalSection(ExtensibilityGlobals) = postSolution
		SolutionGuid = {3E5031C1-992C-4A0E-9670-594D52470247}
	EndGlobalSection
EndGlobal
