
Microsoft Visual Studio Solution File, Format Version 12.00
# Visual Studio 15
VisualStudioVersion = 15.0.28010.2016
MinimumVisualStudioVersion = 10.0.40219.1
Project("{FAE04EC0-301F-11D3-BF4B-00C04F79EFBC}") = "opdracht 1", "opdracht 1\opdracht 1.csproj", "{26DB1FAD-B70C-4E70-94FE-95289C9B7131}"
EndProject
Project("{FAE04EC0-301F-11D3-BF4B-00C04F79EFBC}") = "Opdracht 2", "Opdracht 2\Opdracht 2.csproj", "{F1520DC6-8D3A-4D34-AE6E-A4817BF486B5}"
EndProject
Project("{FAE04EC0-301F-11D3-BF4B-00C04F79EFBC}") = "Opdracht 3", "Opdracht 3\Opdracht 3.csproj", "{84D8FED6-DFFE-462E-84ED-F277A496A601}"
EndProject
Project("{FAE04EC0-301F-11D3-BF4B-00C04F79EFBC}") = "Opdracht 4", "Opdracht 4\Opdracht 4.csproj", "{06209BAC-CF42-4671-8A35-189744701C69}"
EndProject
Global
	GlobalSection(SolutionConfigurationPlatforms) = preSolution
		Debug|Any CPU = Debug|Any CPU
		Release|Any CPU = Release|Any CPU
	EndGlobalSection
	GlobalSection(ProjectConfigurationPlatforms) = postSolution
		{26DB1FAD-B70C-4E70-94FE-95289C9B7131}.Debug|Any CPU.ActiveCfg = Debug|Any CPU
		{26DB1FAD-B70C-4E70-94FE-95289C9B7131}.Debug|Any CPU.Build.0 = Debug|Any CPU
		{26DB1FAD-B70C-4E70-94FE-95289C9B7131}.Release|Any CPU.ActiveCfg = Release|Any CPU
		{26DB1FAD-B70C-4E70-94FE-95289C9B7131}.Release|Any CPU.Build.0 = Release|Any CPU
		{F1520DC6-8D3A-4D34-AE6E-A4817BF486B5}.Debug|Any CPU.ActiveCfg = Debug|Any CPU
		{F1520DC6-8D3A-4D34-AE6E-A4817BF486B5}.Debug|Any CPU.Build.0 = Debug|Any CPU
		{F1520DC6-8D3A-4D34-AE6E-A4817BF486B5}.Release|Any CPU.ActiveCfg = Release|Any CPU
		{F1520DC6-8D3A-4D34-AE6E-A4817BF486B5}.Release|Any CPU.Build.0 = Release|Any CPU
		{84D8FED6-DFFE-462E-84ED-F277A496A601}.Debug|Any CPU.ActiveCfg = Debug|Any CPU
		{84D8FED6-DFFE-462E-84ED-F277A496A601}.Debug|Any CPU.Build.0 = Debug|Any CPU
		{84D8FED6-DFFE-462E-84ED-F277A496A601}.Release|Any CPU.ActiveCfg = Release|Any CPU
		{84D8FED6-DFFE-462E-84ED-F277A496A601}.Release|Any CPU.Build.0 = Release|Any CPU
		{06209BAC-CF42-4671-8A35-189744701C69}.Debug|Any CPU.ActiveCfg = Debug|Any CPU
		{06209BAC-CF42-4671-8A35-189744701C69}.Debug|Any CPU.Build.0 = Debug|Any CPU
		{06209BAC-CF42-4671-8A35-189744701C69}.Release|Any CPU.ActiveCfg = Release|Any CPU
		{06209BAC-CF42-4671-8A35-189744701C69}.Release|Any CPU.Build.0 = Release|Any CPU
	EndGlobalSection
	GlobalSection(SolutionProperties) = preSolution
		HideSolutionNode = FALSE
	EndGlobalSection
	GlobalSection(ExtensibilityGlobals) = postSolution
		SolutionGuid = {6C8A954D-BEEA-488D-B490-C60A0517E993}
	EndGlobalSection
EndGlobal
